
Microsoft Visual Studio Solution File, Format Version 12.00
# Visual Studio 14
VisualStudioVersion = 14.0.23107.0
MinimumVisualStudioVersion = 10.0.40219.1
Project("{2150E333-8FDC-42A3-9474-1A3956D46DE8}") = "UI", "UI", "{9EEB7386-6680-44FE-A058-005D529C4932}"
EndProject
Project("{2150E333-8FDC-42A3-9474-1A3956D46DE8}") = "ServiceLayer", "ServiceLayer", "{BF0C7C8A-CCA6-4BB2-8A73-B5DF7DA4FC46}"
EndProject
Project("{FAE04EC0-301F-11D3-BF4B-00C04F79EFBC}") = "Core", "UI\Core\Core.csproj", "{1BA102A6-EED1-4B58-8664-AA2DE81D3F19}"
EndProject
Project("{FAE04EC0-301F-11D3-BF4B-00C04F79EFBC}") = "Presentation", "UI\Presentation\Presentation.csproj", "{AC4414C2-E618-483D-94A1-0A524B45ADD4}"
EndProject
Global
	GlobalSection(SolutionConfigurationPlatforms) = preSolution
		Debug|Any CPU = Debug|Any CPU
		Release|Any CPU = Release|Any CPU
	EndGlobalSection
	GlobalSection(ProjectConfigurationPlatforms) = postSolution
		{1BA102A6-EED1-4B58-8664-AA2DE81D3F19}.Debug|Any CPU.ActiveCfg = Debug|Any CPU
		{1BA102A6-EED1-4B58-8664-AA2DE81D3F19}.Debug|Any CPU.Build.0 = Debug|Any CPU
		{1BA102A6-EED1-4B58-8664-AA2DE81D3F19}.Release|Any CPU.ActiveCfg = Release|Any CPU
		{1BA102A6-EED1-4B58-8664-AA2DE81D3F19}.Release|Any CPU.Build.0 = Release|Any CPU
		{AC4414C2-E618-483D-94A1-0A524B45ADD4}.Debug|Any CPU.ActiveCfg = Debug|Any CPU
		{AC4414C2-E618-483D-94A1-0A524B45ADD4}.Debug|Any CPU.Build.0 = Debug|Any CPU
		{AC4414C2-E618-483D-94A1-0A524B45ADD4}.Release|Any CPU.ActiveCfg = Release|Any CPU
		{AC4414C2-E618-483D-94A1-0A524B45ADD4}.Release|Any CPU.Build.0 = Release|Any CPU
	EndGlobalSection
	GlobalSection(SolutionProperties) = preSolution
		HideSolutionNode = FALSE
	EndGlobalSection
	GlobalSection(NestedProjects) = preSolution
		{1BA102A6-EED1-4B58-8664-AA2DE81D3F19} = {9EEB7386-6680-44FE-A058-005D529C4932}
		{AC4414C2-E618-483D-94A1-0A524B45ADD4} = {9EEB7386-6680-44FE-A058-005D529C4932}
	EndGlobalSection
EndGlobal
